
Microsoft Visual Studio Solution File, Format Version 11.00
# Visual Studio 2010
Project("{FAE04EC0-301F-11D3-BF4B-00C04F79EFBC}") = "KeyManagerWindowsService", "KeyManager\KeyManagerWindowsService.csproj", "{01E8B57C-9062-41C1-A0AB-6F1E4A7AB44F}"
EndProject
Project("{FAE04EC0-301F-11D3-BF4B-00C04F79EFBC}") = "KeyRepositoryService", "KeyRepositoryService\KeyRepositoryService.csproj", "{E83018C3-A767-43A3-85C2-28EAA08D574C}"
EndProject
Project("{FAE04EC0-301F-11D3-BF4B-00C04F79EFBC}") = "KeyRepositoryServiceTests", "KeyRepositoryServiceTests\KeyRepositoryServiceTests.csproj", "{2A9BABAB-04A7-4EF2-A99B-0F45C51316BF}"
EndProject
Project("{2150E333-8FDC-42A3-9474-1A3956D46DE8}") = ".nuget", ".nuget", "{37602006-FD86-449F-AFF0-A397496414BC}"
	ProjectSection(SolutionItems) = preProject
		.nuget\NuGet.Config = .nuget\NuGet.Config
		.nuget\NuGet.exe = .nuget\NuGet.exe
		.nuget\NuGet.targets = .nuget\NuGet.targets
	EndProjectSection
EndProject
Project("{930C7802-8A8C-48F9-8165-68863BCCD9DD}") = "KeyManagerInstaller", "KeyManagerInstaller\KeyManagerInstaller.wixproj", "{603450D2-43D9-4250-AC63-10BB85E39827}"
	ProjectSection(ProjectDependencies) = postProject
		{01E8B57C-9062-41C1-A0AB-6F1E4A7AB44F} = {01E8B57C-9062-41C1-A0AB-6F1E4A7AB44F}
		{E83018C3-A767-43A3-85C2-28EAA08D574C} = {E83018C3-A767-43A3-85C2-28EAA08D574C}
	EndProjectSection
EndProject
Project("{FAE04EC0-301F-11D3-BF4B-00C04F79EFBC}") = "ServiceClientConsole", "ServiceClientConsole\ServiceClientConsole.csproj", "{8414A594-F2FA-4C3D-A104-8F75B6DE5BD9}"
EndProject
Project("{FAE04EC0-301F-11D3-BF4B-00C04F79EFBC}") = "KeyManagerWindowsServiceTests", "KeyManagerWindowsServiceTests\KeyManagerWindowsServiceTests.csproj", "{EBAC1BBE-8AD2-4EC5-8CB9-417011A9A545}"
EndProject
Global
	GlobalSection(SolutionConfigurationPlatforms) = preSolution
		Debug|Any CPU = Debug|Any CPU
		Debug|Mixed Platforms = Debug|Mixed Platforms
		Debug|x64 = Debug|x64
		Debug|x86 = Debug|x86
		Release|Any CPU = Release|Any CPU
		Release|Mixed Platforms = Release|Mixed Platforms
		Release|x64 = Release|x64
		Release|x86 = Release|x86
	EndGlobalSection
	GlobalSection(ProjectConfigurationPlatforms) = postSolution
		{01E8B57C-9062-41C1-A0AB-6F1E4A7AB44F}.Debug|Any CPU.ActiveCfg = Debug|x86
		{01E8B57C-9062-41C1-A0AB-6F1E4A7AB44F}.Debug|Mixed Platforms.ActiveCfg = Debug|x86
		{01E8B57C-9062-41C1-A0AB-6F1E4A7AB44F}.Debug|Mixed Platforms.Build.0 = Debug|x86
		{01E8B57C-9062-41C1-A0AB-6F1E4A7AB44F}.Debug|x64.ActiveCfg = Debug|x64
		{01E8B57C-9062-41C1-A0AB-6F1E4A7AB44F}.Debug|x86.ActiveCfg = Debug|x86
		{01E8B57C-9062-41C1-A0AB-6F1E4A7AB44F}.Debug|x86.Build.0 = Debug|x86
		{01E8B57C-9062-41C1-A0AB-6F1E4A7AB44F}.Release|Any CPU.ActiveCfg = Release|x86
		{01E8B57C-9062-41C1-A0AB-6F1E4A7AB44F}.Release|Mixed Platforms.ActiveCfg = Release|x86
		{01E8B57C-9062-41C1-A0AB-6F1E4A7AB44F}.Release|Mixed Platforms.Build.0 = Release|x86
		{01E8B57C-9062-41C1-A0AB-6F1E4A7AB44F}.Release|x64.ActiveCfg = Release|x64
		{01E8B57C-9062-41C1-A0AB-6F1E4A7AB44F}.Release|x64.Build.0 = Release|x64
		{01E8B57C-9062-41C1-A0AB-6F1E4A7AB44F}.Release|x86.ActiveCfg = Release|x86
		{01E8B57C-9062-41C1-A0AB-6F1E4A7AB44F}.Release|x86.Build.0 = Release|x86
		{E83018C3-A767-43A3-85C2-28EAA08D574C}.Debug|Any CPU.ActiveCfg = Debug|Any CPU
		{E83018C3-A767-43A3-85C2-28EAA08D574C}.Debug|Any CPU.Build.0 = Debug|Any CPU
		{E83018C3-A767-43A3-85C2-28EAA08D574C}.Debug|Mixed Platforms.ActiveCfg = Debug|Any CPU
		{E83018C3-A767-43A3-85C2-28EAA08D574C}.Debug|Mixed Platforms.Build.0 = Debug|Any CPU
		{E83018C3-A767-43A3-85C2-28EAA08D574C}.Debug|x64.ActiveCfg = Debug|Any CPU
		{E83018C3-A767-43A3-85C2-28EAA08D574C}.Debug|x64.Build.0 = Debug|Any CPU
		{E83018C3-A767-43A3-85C2-28EAA08D574C}.Debug|x86.ActiveCfg = Debug|Any CPU
		{E83018C3-A767-43A3-85C2-28EAA08D574C}.Debug|x86.Build.0 = Debug|Any CPU
		{E83018C3-A767-43A3-85C2-28EAA08D574C}.Release|Any CPU.ActiveCfg = Release|Any CPU
		{E83018C3-A767-43A3-85C2-28EAA08D574C}.Release|Any CPU.Build.0 = Release|Any CPU
		{E83018C3-A767-43A3-85C2-28EAA08D574C}.Release|Mixed Platforms.ActiveCfg = Release|Any CPU
		{E83018C3-A767-43A3-85C2-28EAA08D574C}.Release|Mixed Platforms.Build.0 = Release|Any CPU
		{E83018C3-A767-43A3-85C2-28EAA08D574C}.Release|x64.ActiveCfg = Release|Any CPU
		{E83018C3-A767-43A3-85C2-28EAA08D574C}.Release|x64.Build.0 = Release|Any CPU
		{E83018C3-A767-43A3-85C2-28EAA08D574C}.Release|x86.ActiveCfg = Release|Any CPU
		{E83018C3-A767-43A3-85C2-28EAA08D574C}.Release|x86.Build.0 = Release|Any CPU
		{2A9BABAB-04A7-4EF2-A99B-0F45C51316BF}.Debug|Any CPU.ActiveCfg = Debug|Any CPU
		{2A9BABAB-04A7-4EF2-A99B-0F45C51316BF}.Debug|Any CPU.Build.0 = Debug|Any CPU
		{2A9BABAB-04A7-4EF2-A99B-0F45C51316BF}.Debug|Mixed Platforms.ActiveCfg = Debug|Any CPU
		{2A9BABAB-04A7-4EF2-A99B-0F45C51316BF}.Debug|Mixed Platforms.Build.0 = Debug|Any CPU
		{2A9BABAB-04A7-4EF2-A99B-0F45C51316BF}.Debug|x64.ActiveCfg = Debug|Any CPU
		{2A9BABAB-04A7-4EF2-A99B-0F45C51316BF}.Debug|x64.Build.0 = Debug|Any CPU
		{2A9BABAB-04A7-4EF2-A99B-0F45C51316BF}.Debug|x86.ActiveCfg = Debug|Any CPU
		{2A9BABAB-04A7-4EF2-A99B-0F45C51316BF}.Debug|x86.Build.0 = Debug|Any CPU
		{2A9BABAB-04A7-4EF2-A99B-0F45C51316BF}.Release|Any CPU.ActiveCfg = Release|Any CPU
		{2A9BABAB-04A7-4EF2-A99B-0F45C51316BF}.Release|Any CPU.Build.0 = Release|Any CPU
		{2A9BABAB-04A7-4EF2-A99B-0F45C51316BF}.Release|Mixed Platforms.ActiveCfg = Release|Any CPU
		{2A9BABAB-04A7-4EF2-A99B-0F45C51316BF}.Release|Mixed Platforms.Build.0 = Release|Any CPU
		{2A9BABAB-04A7-4EF2-A99B-0F45C51316BF}.Release|x64.ActiveCfg = Release|Any CPU
		{2A9BABAB-04A7-4EF2-A99B-0F45C51316BF}.Release|x64.Build.0 = Release|Any CPU
		{2A9BABAB-04A7-4EF2-A99B-0F45C51316BF}.Release|x86.ActiveCfg = Release|Any CPU
		{2A9BABAB-04A7-4EF2-A99B-0F45C51316BF}.Release|x86.Build.0 = Release|Any CPU
		{603450D2-43D9-4250-AC63-10BB85E39827}.Debug|Any CPU.ActiveCfg = Debug|x86
		{603450D2-43D9-4250-AC63-10BB85E39827}.Debug|Mixed Platforms.ActiveCfg = Debug|x86
		{603450D2-43D9-4250-AC63-10BB85E39827}.Debug|x64.ActiveCfg = Debug|x64
		{603450D2-43D9-4250-AC63-10BB85E39827}.Debug|x86.ActiveCfg = Debug|x86
		{603450D2-43D9-4250-AC63-10BB85E39827}.Debug|x86.Build.0 = Debug|x86
		{603450D2-43D9-4250-AC63-10BB85E39827}.Release|Any CPU.ActiveCfg = Release|x86
		{603450D2-43D9-4250-AC63-10BB85E39827}.Release|Mixed Platforms.ActiveCfg = Release|x86
		{603450D2-43D9-4250-AC63-10BB85E39827}.Release|Mixed Platforms.Build.0 = Release|x86
		{603450D2-43D9-4250-AC63-10BB85E39827}.Release|x64.ActiveCfg = Release|x64
		{603450D2-43D9-4250-AC63-10BB85E39827}.Release|x64.Build.0 = Release|x64
		{603450D2-43D9-4250-AC63-10BB85E39827}.Release|x86.ActiveCfg = Release|x86
		{603450D2-43D9-4250-AC63-10BB85E39827}.Release|x86.Build.0 = Release|x86
		{8414A594-F2FA-4C3D-A104-8F75B6DE5BD9}.Debug|Any CPU.ActiveCfg = Debug|x86
		{8414A594-F2FA-4C3D-A104-8F75B6DE5BD9}.Debug|Mixed Platforms.ActiveCfg = Debug|x86
		{8414A594-F2FA-4C3D-A104-8F75B6DE5BD9}.Debug|Mixed Platforms.Build.0 = Debug|x86
		{8414A594-F2FA-4C3D-A104-8F75B6DE5BD9}.Debug|x64.ActiveCfg = Debug|x64
		{8414A594-F2FA-4C3D-A104-8F75B6DE5BD9}.Debug|x64.Build.0 = Debug|x64
		{8414A594-F2FA-4C3D-A104-8F75B6DE5BD9}.Debug|x86.ActiveCfg = Debug|x86
		{8414A594-F2FA-4C3D-A104-8F75B6DE5BD9}.Debug|x86.Build.0 = Debug|x86
		{8414A594-F2FA-4C3D-A104-8F75B6DE5BD9}.Release|Any CPU.ActiveCfg = Release|x86
		{8414A594-F2FA-4C3D-A104-8F75B6DE5BD9}.Release|Mixed Platforms.ActiveCfg = Release|x86
		{8414A594-F2FA-4C3D-A104-8F75B6DE5BD9}.Release|Mixed Platforms.Build.0 = Release|x86
		{8414A594-F2FA-4C3D-A104-8F75B6DE5BD9}.Release|x64.ActiveCfg = Release|x64
		{8414A594-F2FA-4C3D-A104-8F75B6DE5BD9}.Release|x64.Build.0 = Release|x64
		{8414A594-F2FA-4C3D-A104-8F75B6DE5BD9}.Release|x86.ActiveCfg = Release|x86
		{8414A594-F2FA-4C3D-A104-8F75B6DE5BD9}.Release|x86.Build.0 = Release|x86
		{EBAC1BBE-8AD2-4EC5-8CB9-417011A9A545}.Debug|Any CPU.ActiveCfg = Debug|Any CPU
		{EBAC1BBE-8AD2-4EC5-8CB9-417011A9A545}.Debug|Any CPU.Build.0 = Debug|Any CPU
		{EBAC1BBE-8AD2-4EC5-8CB9-417011A9A545}.Debug|Mixed Platforms.ActiveCfg = Debug|Any CPU
		{EBAC1BBE-8AD2-4EC5-8CB9-417011A9A545}.Debug|Mixed Platforms.Build.0 = Debug|Any CPU
		{EBAC1BBE-8AD2-4EC5-8CB9-417011A9A545}.Debug|x64.ActiveCfg = Debug|Any CPU
		{EBAC1BBE-8AD2-4EC5-8CB9-417011A9A545}.Debug|x64.Build.0 = Debug|Any CPU
		{EBAC1BBE-8AD2-4EC5-8CB9-417011A9A545}.Debug|x86.ActiveCfg = Debug|Any CPU
		{EBAC1BBE-8AD2-4EC5-8CB9-417011A9A545}.Debug|x86.Build.0 = Debug|Any CPU
		{EBAC1BBE-8AD2-4EC5-8CB9-417011A9A545}.Release|Any CPU.ActiveCfg = Release|Any CPU
		{EBAC1BBE-8AD2-4EC5-8CB9-417011A9A545}.Release|Any CPU.Build.0 = Release|Any CPU
		{EBAC1BBE-8AD2-4EC5-8CB9-417011A9A545}.Release|Mixed Platforms.ActiveCfg = Release|Any CPU
		{EBAC1BBE-8AD2-4EC5-8CB9-417011A9A545}.Release|Mixed Platforms.Build.0 = Release|Any CPU
		{EBAC1BBE-8AD2-4EC5-8CB9-417011A9A545}.Release|x64.ActiveCfg = Release|Any CPU
		{EBAC1BBE-8AD2-4EC5-8CB9-417011A9A545}.Release|x64.Build.0 = Release|Any CPU
		{EBAC1BBE-8AD2-4EC5-8CB9-417011A9A545}.Release|x86.ActiveCfg = Release|Any CPU
		{EBAC1BBE-8AD2-4EC5-8CB9-417011A9A545}.Release|x86.Build.0 = Release|Any CPU
	EndGlobalSection
	GlobalSection(SolutionProperties) = preSolution
		HideSolutionNode = FALSE
	EndGlobalSection
EndGlobal
